lockfileVersion: '9.0'

settings:
  autoInstallPeers: true
  excludeLinksFromLockfile: false

importers:

  .:
    dependencies:
      '@hookform/resolvers':
        specifier: ^5.9.1
        version: 5.9.1(react-hook-form@7.85.0(react@19.2.8))(zod@4.4.3)
      react-hook-form:
        specifier: ^7.85.0
        version: 7.85.0(react@19.2.8)
      zod:
        specifier: ^4.4.3
        version: 4.4.3

packages:

  '@hookform/resolvers@5.9.1':
    resolution: {integrity: sha512-7b7vsbraJxKgjVSA1Nur9tLwj539WGJUBLA7QNvXnFoT2pM5Z7G+6rlukk4B2/QrTZy6huRtH6wKeESPKuIr6w==}
    peerDependencies:
      '@sinclair/typebox': '>=0.25.24'
      '@standard-schema/spec': ^1.0.0
      '@typeschema/main': '>=0.13.7'
      '@vinejs/vine': ^2.0.0 || ^3.0.0 || ^4.0.0
      ajv: ^8.12.0
      ajv-errors: ^3.0.0
      ajv-formats: ^2.1.1
      arktype: ^2.0.0
      ata-validator: ^1.2.0
      class-transformer: '>=0.4.0'
      class-validator: '>=0.12.0'
      computed-types: ^1.0.0
      effect: ^3.10.3
      fluentvalidation-ts: ^3.0.0
      fp-ts: ^2.7.0
      io-ts: ^2.0.0
      joi: ^17.0.0 || ^18.0.0
      nope-validator: '>=0.12.0'
      react-hook-form: ^7.55.0
      superstruct: '>=0.12.0'
      typanion: ^3.3.2
      valibot: '>=0.31.0 || ^1.0.0-beta.4 || ^1.0.0-rc'
      vest: '>=6.0.0'
      yup: ^1.0.0
      zod: ^3.25.0 || ^4.0.0
    peerDependenciesMeta:
      '@sinclair/typebox':
        optional: true
      '@standard-schema/spec':
        optional: true
      '@typeschema/main':
        optional: true
      '@vinejs/vine':
        optional: true
      ajv:
        optional: true
      ajv-errors:
        optional: true
      ajv-formats:
        optional: true
      arktype:
        optional: true
      ata-validator:
        optional: true
      class-transformer:
        optional: true
      class-validator:
        optional: true
      computed-types:
        optional: true
      effect:
        optional: true
      fluentvalidation-ts:
        optional: true
      fp-ts:
        optional: true
      io-ts:
        optional: true
      joi:
        optional: true
      nope-validator:
        optional: true
      superstruct:
        optional: true
      typanion:
        optional: true
      valibot:
        optional: true
      vest:
        optional: true
      yup:
        optional: true
      zod:
        optional: true

  '@standard-schema/utils@0.3.0':
    resolution: {integrity: sha512-e7Mew686owMaPJVNNLs55PUvgz371nKgwsc4vxE49zsODpJEnxgxRo2y/OKrqueavXgZNMDVj3DdHFlaSAeU8g==}

  react-hook-form@7.85.0:
    resolution: {integrity: sha512-U2MTriFXnclmV4rOE20p2DcRFv5WEg3FIcBFOKcOLFHDVvGIMPvLTkTWefUsonmlaVy23khVDxDWym6uJVGOzw==}
    engines: {node: '>=18.0.0'}
    peerDependencies:
      react: ^16.8.0 || ^17 || ^18 || ^19

  react@19.2.8:
    resolution: {integrity: sha512-PWaYA1L/q9u2u7xYQi+Y3L3Yfnie7XyLeaJICV1MGD6LprsBxcAqGjYyr0eY3p+QdsA+x/Irkt4Qif8D63+Sbw==}
    engines: {node: '>=0.10.0'}

  zod@4.4.3:
    resolution: {integrity: sha512-ytENFjIJFl2UwYglde2jchW2Hwm4GJFLDiSXWdTrJQBIN9Fcyp7n4DhxJEiWNAJMV1/BqWfW/kkg71UDcHJyTQ==}

snapshots:

  '@hookform/resolvers@5.9.1(react-hook-form@7.85.0(react@19.2.8))(zod@4.4.3)':
    dependencies:
      '@standard-schema/utils': 0.3.0
      react-hook-form: 7.85.0(react@19.2.8)
    optionalDependencies:
      zod: 4.4.3

  '@standard-schema/utils@0.3.0': {}

  react-hook-form@7.85.0(react@19.2.8):
    dependencies:
      react: 19.2.8

  react@19.2.8: {}

  zod@4.4.3: {}
